
Microsoft Visual Studio Solution File, Format Version 12.00
# Visual Studio Version 17
VisualStudioVersion = 17.0.31903.59
MinimumVisualStudioVersion = 10.0.40219.1
Project("{9A19103F-16F7-4668-BE54-9A1E7A4F7556}") = "RPA_Queue", "RPA_Queue\RPA_Queue.csproj", "{4FF83DF2-7ED5-48F2-8D12-0AE5D430BFD3}"
EndProject
Global
	GlobalSection(SolutionConfigurationPlatforms) = preSolution
		Debug|Any CPU = Debug|Any CPU
		Release|Any CPU = Release|Any CPU
	EndGlobalSection
	GlobalSection(ProjectConfigurationPlatforms) = postSolution
		{4FF83DF2-7ED5-48F2-8D12-0AE5D430BFD3}.Debug|Any CPU.ActiveCfg = Debug|Any CPU
		{4FF83DF2-7ED5-48F2-8D12-0AE5D430BFD3}.Debug|Any CPU.Build.0 = Debug|Any CPU
		{4FF83DF2-7ED5-48F2-8D12-0AE5D430BFD3}.Release|Any CPU.ActiveCfg = Release|Any CPU
		{4FF83DF2-7ED5-48F2-8D12-0AE5D430BFD3}.Release|Any CPU.Build.0 = Release|Any CPU
	EndGlobalSection
	GlobalSection(SolutionProperties) = preSolution
		HideSolutionNode = FALSE
	EndGlobalSection
	GlobalSection(ExtensibilityGlobals) = postSolution
		SolutionGuid = {BB915702-C28C-48A5-BB91-2A737E7E96B7}
	EndGlobalSection
EndGlobal
